<?xml version="1.0" encoding="UTF-8" standalone="yes" ?>
<CodeBlocks_project_file>
	<FileVersion major="1" minor="6" />
	<Project>
		<Option title="SistemaEstetica" />
		<Option pch_mode="2" />
		<Option compiler="gcc" />
		<Build>
			<Target title="Debug">
				<Option output="bin/Debug/SistemaEstetica" prefix_auto="1" extension_auto="1" />
				<Option object_output="obj/Debug/" />
				<Option type="1" />
				<Option compiler="gcc" />
				<Compiler>
					<Add option="-g" />
				</Compiler>
			</Target>
			<Target title="Release">
				<Option output="bin/Release/SistemaEstetica" prefix_auto="1" extension_auto="1" />
				<Option object_output="obj/Release/" />
				<Option type="1" />
				<Option compiler="gcc" />
				<Compiler>
					<Add option="-O2" />
				</Compiler>
				<Linker>
					<Add option="-s" />
				</Linker>
			</Target>
		</Build>
		<Compiler>
			<Add option="-Wall" />
			<Add option="-fexceptions" />
		</Compiler>
		<Unit filename=".gitignore" />
		<Unit filename="Cliente.cpp" />
		<Unit filename="Cliente.h" />
		<Unit filename="DetalleTurno.cpp" />
		<Unit filename="DetalleTurno.h" />
		<Unit filename="Fecha.cpp" />
		<Unit filename="Fecha.h" />
		<Unit filename="MenuClientes.cpp" />
		<Unit filename="MenuClientes.h" />
		<Unit filename="MenuConfiguracion.cpp" />
		<Unit filename="MenuConfiguracion.h" />
		<Unit filename="MenuProfesionales.cpp" />
		<Unit filename="MenuProfesionales.h" />
		<Unit filename="MenuServicios.cpp" />
		<Unit filename="MenuServicios.h" />
		<Unit filename="MenuServiciosXProfesional.cpp" />
		<Unit filename="MenuServiciosXProfesional.h" />
		<Unit filename="MenuTurnos.cpp" />
		<Unit filename="MenuTurnos.h" />
		<Unit filename="Profesional.cpp" />
		<Unit filename="Profesional.h" />
		<Unit filename="README.md" />
		<Unit filename="Servicio.cpp" />
		<Unit filename="Servicio.h" />
		<Unit filename="ServicioXProfesional.cpp" />
		<Unit filename="ServicioXProfesional.h" />
		<Unit filename="SistemaEstetica.cbp" />
		<Unit filename="SistemaEstetica.depend" />
		<Unit filename="SistemaEstetica.layout" />
		<Unit filename="Turno.cpp" />
		<Unit filename="Turno.h" />
		<Unit filename="clientes.dat" />
		<Unit filename="detalles_turnos.dat" />
		<Unit filename="main.cpp" />
		<Unit filename="main.h" />
		<Unit filename="profesionales.dat" />
		<Unit filename="servicioXprofesional.dat" />
		<Unit filename="servicios.dat" />
		<Unit filename="turnos.dat" />
		<Extensions />
	</Project>
</CodeBlocks_project_file>
